
Microsoft Visual Studio Solution File, Format Version 12.00
# Visual Studio Version 17
VisualStudioVersion = 17.0.31903.59
MinimumVisualStudioVersion = 10.0.40219.1
Project("{2150E333-8FDC-42A3-9474-1A3956D46DE8}") = "src", "src", "{45799679-9A79-406E-8A66-D38F906253DB}"
EndProject
Project("{9A19103F-16F7-4668-BE54-9A1E7A4F7556}") = "AuctionService", "src\AuctionService\AuctionService.csproj", "{AD1F0B02-C816-4A39-8E88-685F39F712F1}"
EndProject
Global
	GlobalSection(SolutionConfigurationPlatforms) = preSolution
		Debug|Any CPU = Debug|Any CPU
		Release|Any CPU = Release|Any CPU
	EndGlobalSection
	GlobalSection(ProjectConfigurationPlatforms) = postSolution
		{AD1F0B02-C816-4A39-8E88-685F39F712F1}.Debug|Any CPU.ActiveCfg = Debug|Any CPU
		{AD1F0B02-C816-4A39-8E88-685F39F712F1}.Debug|Any CPU.Build.0 = Debug|Any CPU
		{AD1F0B02-C816-4A39-8E88-685F39F712F1}.Release|Any CPU.ActiveCfg = Release|Any CPU
		{AD1F0B02-C816-4A39-8E88-685F39F712F1}.Release|Any CPU.Build.0 = Release|Any CPU
	EndGlobalSection
	GlobalSection(SolutionProperties) = preSolution
		HideSolutionNode = FALSE
	EndGlobalSection
	GlobalSection(NestedProjects) = preSolution
		{AD1F0B02-C816-4A39-8E88-685F39F712F1} = {45799679-9A79-406E-8A66-D38F906253DB}
	EndGlobalSection
	GlobalSection(ExtensibilityGlobals) = postSolution
		SolutionGuid = {09055D0B-9DD6-4578-BEAB-B137185894AB}
	EndGlobalSection
EndGlobal
